// !$*UTF8*$!
{
	archiveVersion = 1;
	classes = {
	};
	objectVersion = 46;
	objects = {

/* Begin PBXBuildFile section */
		88B479641BDEF5E00045BCCD /* AppDelegate.swift in Sources */ = {isa = PBXBuildFile; fileRef = 88B479631BDEF5E00045BCCD /* AppDelegate.swift */; };
		88B479661BDEF5E00045BCCD /* ViewController.swift in Sources */ = {isa = PBXBuildFile; fileRef = 88B479651BDEF5E00045BCCD /* ViewController.swift */; };
		88B479691BDEF5E00045BCCD /* Main.storyboard in Resources */ = {isa = PBXBuildFile; fileRef = 88B479671BDEF5E00045BCCD /* Main.storyboard */; };
		88B4796B1BDEF5E00045BCCD /* Assets.xcassets in Resources */ = {isa = PBXBuildFile; fileRef = 88B4796A1BDEF5E00045BCCD /* Assets.xcassets */; };
		88B4796E1BDEF5E00045BCCD /* LaunchScreen.storyboard in Resources */ = {isa = PBXBuildFile; fileRef = 88B4796C1BDEF5E00045BCCD /* LaunchScreen.storyboard */; };
/* End PBXBuildFile section */

/* Begin PBXFileReference section */
		88B479601BDEF5E00045BCCD /* HalloweenReanimation.app */ = {isa = PBXFileReference; explicitFileType = wrapper.application; includeInIndex = 0; path = HalloweenReanimation.app; sourceTree = BUILT_PRODUCTS_DIR; };
		88B479631BDEF5E00045BCCD /* AppDelegate.swift */ = {isa = PBXFileReference; lastKnownFileType = sourcecode.swift; path = AppDelegate.swift; sourceTree = "<group>"; };
		88B479651BDEF5E00045BCCD /* ViewController.swift */ = {isa = PBXFileReference; lastKnownFileType = sourcecode.swift; path = ViewController.swift; sourceTree = "<group>"; };
		88B479681BDEF5E00045BCCD /* Base */ = {isa = PBXFileReference; lastKnownFileType = file.storyboard; name = Base; path = Base.lproj/Main.storyboard; sourceTree = "<group>"; };
		88B4796A1BDEF5E00045BCCD /* Assets.xcassets */ = {isa = PBXFileReference; lastKnownFileType = folder.assetcatalog; path = Assets.xcassets; sourceTree = "<group>"; };
		88B4796D1BDEF5E00045BCCD /* Base */ = {isa = PBXFileReference; lastKnownFileType = file.storyboard; name = Base; path = Base.lproj/LaunchScreen.storyboard; sourceTree = "<group>"; };
		88B4796F1BDEF5E00045BCCD /* Info.plist */ = {isa = PBXFileReference; lastKnownFileType = text.plist.xml; path = Info.plist; sourceTree = "<group>"; };
/* End PBXFileReference section */

/* Begin PBXFrameworksBuildPhase section */
		88B4795D1BDEF5E00045BCCD /* Frameworks */ = {
			isa = PBXFrameworksBuildPhase;
			buildActionMask = 2147483647;
			files = (
			);
			runOnlyForDeploymentPostprocessing = 0;
		};
/* End PBXFrameworksBuildPhase section */

/* Begin PBXGroup section */
		88B479571BDEF5DF0045BCCD = {
			isa = PBXGroup;
			children = (
				88B479621BDEF5E00045BCCD /* HalloweenReanimation */,
				88B479611BDEF5E00045BCCD /* Products */,
			);
			sourceTree = "<group>";
		};
		88B479611BDEF5E00045BCCD /* Products */ = {
			isa = PBXGroup;
			children = (
				88B479601BDEF5E00045BCCD /* HalloweenReanimation.app */,
			);
			name = Products;
			sourceTree = "<group>";
		};
		88B479621BDEF5E00045BCCD /* HalloweenReanimation */ = {
			isa = PBXGroup;
			children = (
				88B479631BDEF5E00045BCCD /* AppDelegate.swift */,
				88B479651BDEF5E00045BCCD /* ViewController.swift */,
				88B479671BDEF5E00045BCCD /* Main.storyboard */,
				88B4796A1BDEF5E00045BCCD /* Assets.xcassets */,
				88B4796C1BDEF5E00045BCCD /* LaunchScreen.storyboard */,
				88B4796F1BDEF5E00045BCCD /* Info.plist */,
			);
			path = HalloweenReanimation;
			sourceTree = "<group>";
		};
/* End PBXGroup section */

/* Begin PBXNativeTarget section */
		88B4795F1BDEF5E00045BCCD /* HalloweenReanimation */ = {
			isa = PBXNativeTarget;
			buildConfigurationList = 88B479721BDEF5E00045BCCD /* Build configuration list for PBXNativeTarget "HalloweenReanimation" */;
			buildPhases = (
				88B4795C1BDEF5E00045BCCD /* Sources */,
				88B4795D1BDEF5E00045BCCD /* Frameworks */,
				88B4795E1BDEF5E00045BCCD /* Resources */,
			);
			buildRules = (
			);
			dependencies = (
			);
			name = HalloweenReanimation;
			productName = HalloweenReanimation;
			productReference = 88B479601BDEF5E00045BCCD /* HalloweenReanimation.app */;
			productType = "com.apple.product-type.application";
		};
/* End PBXNativeTarget section */

/* Begin PBXProject section */
		88B479581BDEF5DF0045BCCD /* Project object */ = {
			isa = PBXProject;
			attributes = {
				LastSwiftUpdateCheck = 0710;
				LastUpgradeCheck = 0710;
				ORGANIZATIONNAME = Learning;
				TargetAttributes = {
					88B4795F1BDEF5E00045BCCD = {
						CreatedOnToolsVersion = 7.1;
						DevelopmentTeam = 98ELRV8VW9;
					};
				};
			};
			buildConfigurationList = 88B4795B1BDEF5DF0045BCCD /* Build configuration list for PBXProject "HalloweenReanimation" */;
			compatibilityVersion = "Xcode 3.2";
			developmentRegion = English;
			hasScannedForEncodings = 0;
			knownRegions = (
				en,
				Base,
			);
			mainGroup = 88B479571BDEF5DF0045BCCD;
			productRefGroup = 88B479611BDEF5E00045BCCD /* Products */;
			projectDirPath = "";
			projectRoot = "";
			targets = (
				88B4795F1BDEF5E00045BCCD /* HalloweenReanimation */,
			);
		};
/* End PBXProject section */

/* Begin PBXResourcesBuildPhase section */
		88B4795E1BDEF5E00045BCCD /* Resources */ = {
			isa = PBXResourcesBuildPhase;
			buildActionMask = 2147483647;
			files = (
				88B4796E1BDEF5E00045BCCD /* LaunchScreen.storyboard in Resources */,
				88B4796B1BDEF5E00045BCCD /* Assets.xcassets in Resources */,
				88B479691BDEF5E00045BCCD /* Main.storyboard in Resources */,
			);
			runOnlyForDeploymentPostprocessing = 0;
		};
/* End PBXResourcesBuildPhase section */

/* Begin PBXSourcesBuildPhase section */
		88B4795C1BDEF5E00045BCCD /* Sources */ = {
			isa = PBXSourcesBuildPhase;
			buildActionMask = 2147483647;
			files = (
				88B479661BDEF5E00045BCCD /* ViewController.swift in Sources */,
				88B479641BDEF5E00045BCCD /* AppDelegate.swift in Sources */,
			);
			runOnlyForDeploymentPostprocessing = 0;
		};
/* End PBXSourcesBuildPhase section */

/* Begin PBXVariantGroup section */
		88B479671BDEF5E00045BCCD /* Main.storyboard */ = {
			isa = PBXVariantGroup;
			children = (
				88B479681BDEF5E00045BCCD /* Base */,
			);
			name = Main.storyboard;
			sourceTree = "<group>";
		};
		88B4796C1BDEF5E00045BCCD /* LaunchScreen.storyboard */ = {
			isa = PBXVariantGroup;
			children = (
				88B4796D1BDEF5E00045BCCD /* Base */,
			);
			name = LaunchScreen.storyboard;
			sourceTree = "<group>";
		};
/* End PBXVariantGroup section */

/* Begin XCBuildConfiguration section */
		88B479701BDEF5E00045BCCD /* Debug */ = {
			isa = XCBuildConfiguration;
			buildSettings = {
				ALWAYS_SEARCH_USER_PATHS = NO;
				CLANG_CXX_LANGUAGE_STANDARD = "gnu++0x";
				CLANG_CXX_LIBRARY = "libc++";
				CLANG_ENABLE_MODULES = YES;
				CLANG_ENABLE_OBJC_ARC = YES;
				CLANG_WARN_BOOL_CONVERSION = YES;
				CLANG_WARN_CONSTANT_CONVERSION = YES;
				CLANG_WARN_DIRECT_OBJC_ISA_USAGE = YES_ERROR;
				CLANG_WARN_EMPTY_BODY = YES;
				CLANG_WARN_ENUM_CONVERSION = YES;
				CLANG_WARN_INT_CONVERSION = YES;
				CLANG_WARN_OBJC_ROOT_CLASS = YES_ERROR;
				CLANG_WARN_UNREACHABLE_CODE = YES;
				CLANG_WARN__DUPLICATE_METHOD_MATCH = YES;
				"CODE_SIGN_IDENTITY[sdk=iphoneos*]" = "iPhone Developer";
				COPY_PHASE_STRIP = NO;
				DEBUG_INFORMATION_FORMAT = dwarf;
				ENABLE_STRICT_OBJC_MSGSEND = YES;
				ENABLE_TESTABILITY = YES;
				GCC_C_LANGUAGE_STANDARD = gnu99;
				GCC_DYNAMIC_NO_PIC = NO;
				GCC_NO_COMMON_BLOCKS = YES;
				GCC_OPTIMIZATION_LEVEL = 0;
				GCC_PREPROCESSOR_DEFINITIONS = (
					"DEBUG=1",
					"$(inherited)",
				);
				GCC_WARN_64_TO_32_BIT_CONVERSION = YES;
				GCC_WARN_ABOUT_RETURN_TYPE = YES_ERROR;
				GCC_WARN_UNDECLARED_SELECTOR = YES;
				GCC_WARN_UNINITIALIZED_AUTOS = YES_AGGRESSIVE;
				GCC_WARN_UNUSED_FUNCTION = YES;
				GCC_WARN_UNUSED_VARIABLE = YES;
				IPHONEOS_DEPLOYMENT_TARGET = 9.1;
				MTL_ENABLE_DEBUG_INFO = YES;
				ONLY_ACTIVE_ARCH = YES;
				SDKROOT = iphoneos;
				SWIFT_OPTIMIZATION_LEVEL = "-Onone";
			};
			name = Debug;
		};
		88B479711BDEF5E00045BCCD /* Release */ = {
			isa = XCBuildConfiguration;
			buildSettings = {
				ALWAYS_SEARCH_USER_PATHS = NO;
				CLANG_CXX_LANGUAGE_STANDARD = "gnu++0x";
				CLANG_CXX_LIBRARY = "libc++";
				CLANG_ENABLE_MODULES = YES;
				CLANG_ENABLE_OBJC_ARC = YES;
				CLANG_WARN_BOOL_CONVERSION = YES;
				CLANG_WARN_CONSTANT_CONVERSION = YES;
				CLANG_WARN_DIRECT_OBJC_ISA_USAGE = YES_ERROR;
				CLANG_WARN_EMPTY_BODY = YES;
				CLANG_WARN_ENUM_CONVERSION = YES;
				CLANG_WARN_INT_CONVERSION = YES;
				CLANG_WARN_OBJC_ROOT_CLASS = YES_ERROR;
				CLANG_WARN_UNREACHABLE_CODE = YES;
				CLANG_WARN__DUPLICATE_METHOD_MATCH = YES;
				"CODE_SIGN_IDENTITY[sdk=iphoneos*]" = "iPhone Developer";
				COPY_PHASE_STRIP = NO;
				DEBUG_INFORMATION_FORMAT = "dwarf-with-dsym";
				ENABLE_NS_ASSERTIONS = NO;
				ENABLE_STRICT_OBJC_MSGSEND = YES;
				GCC_C_LANGUAGE_STANDARD = gnu99;
				GCC_NO_COMMON_BLOCKS = YES;
				GCC_WARN_64_TO_32_BIT_CONVERSION = YES;
				GCC_WARN_ABOUT_RETURN_TYPE = YES_ERROR;
				GCC_WARN_UNDECLARED_SELECTOR = YES;
				GCC_WARN_UNINITIALIZED_AUTOS = YES_AGGRESSIVE;
				GCC_WARN_UNUSED_FUNCTION = YES;
				GCC_WARN_UNUSED_VARIABLE = YES;
				IPHONEOS_DEPLOYMENT_TARGET = 9.1;
				MTL_ENABLE_DEBUG_INFO = NO;
				SDKROOT = iphoneos;
				VALIDATE_PRODUCT = YES;
			};
			name = Release;
		};
		88B479731BDEF5E00045BCCD /* Debug */ = {
			isa = XCBuildConfiguration;
			buildSettings = {
				ASSETCATALOG_COMPILER_APPICON_NAME = AppIcon;
				INFOPLIST_FILE = HalloweenReanimation/Info.plist;
				LD_RUNPATH_SEARCH_PATHS = "$(inherited) @executable_path/Frameworks";
				PRODUCT_BUNDLE_IDENTIFIER = com.learn.HalloweenReanimation;
				PRODUCT_NAME = "$(TARGET_NAME)";
			};
			name = Debug;
		};
		88B479741BDEF5E00045BCCD /* Release */ = {
			isa = XCBuildConfiguration;
			buildSettings = {
				ASSETCATALOG_COMPILER_APPICON_NAME = AppIcon;
				INFOPLIST_FILE = HalloweenReanimation/Info.plist;
				LD_RUNPATH_SEARCH_PATHS = "$(inherited) @executable_path/Frameworks";
				PRODUCT_BUNDLE_IDENTIFIER = com.learn.HalloweenReanimation;
				PRODUCT_NAME = "$(TARGET_NAME)";
			};
			name = Release;
		};
/* End XCBuildConfiguration section */

/* Begin XCConfigurationList section */
		88B4795B1BDEF5DF0045BCCD /* Build configuration list for PBXProject "HalloweenReanimation" */ = {
			isa = XCConfigurationList;
			buildConfigurations = (
				88B479701BDEF5E00045BCCD /* Debug */,
				88B479711BDEF5E00045BCCD /* Release */,
			);
			defaultConfigurationIsVisible = 0;
			defaultConfigurationName = Release;
		};
		88B479721BDEF5E00045BCCD /* Build configuration list for PBXNativeTarget "HalloweenReanimation" */ = {
			isa = XCConfigurationList;
			buildConfigurations = (
				88B479731BDEF5E00045BCCD /* Debug */,
				88B479741BDEF5E00045BCCD /* Release */,
			);
			defaultConfigurationIsVisible = 0;
		};
/* End XCConfigurationList section */
	};
	rootObject = 88B479581BDEF5DF0045BCCD /* Project object */;
}
