// !$*UTF8*$!
{
	archiveVersion = 1;
	classes = {
	};
	objectVersion = 46;
	objects = {

/* Begin PBXBuildFile section */
		885FE3AE1A90F320007040A5 /* AppDelegate.swift in Sources */ = {isa = PBXBuildFile; fileRef = 885FE3AD1A90F320007040A5 /* AppDelegate.swift */; };
		885FE3B01A90F320007040A5 /* ViewController.swift in Sources */ = {isa = PBXBuildFile; fileRef = 885FE3AF1A90F320007040A5 /* ViewController.swift */; };
		885FE3B31A90F320007040A5 /* Main.storyboard in Resources */ = {isa = PBXBuildFile; fileRef = 885FE3B11A90F320007040A5 /* Main.storyboard */; };
		885FE3B51A90F320007040A5 /* Images.xcassets in Resources */ = {isa = PBXBuildFile; fileRef = 885FE3B41A90F320007040A5 /* Images.xcassets */; };
		885FE3B81A90F320007040A5 /* LaunchScreen.xib in Resources */ = {isa = PBXBuildFile; fileRef = 885FE3B61A90F320007040A5 /* LaunchScreen.xib */; };
		885FE3C41A90F320007040A5 /* CalculatorTests.swift in Sources */ = {isa = PBXBuildFile; fileRef = 885FE3C31A90F320007040A5 /* CalculatorTests.swift */; };
/* End PBXBuildFile section */

/* Begin PBXContainerItemProxy section */
		885FE3BE1A90F320007040A5 /* PBXContainerItemProxy */ = {
			isa = PBXContainerItemProxy;
			containerPortal = 885FE3A01A90F320007040A5 /* Project object */;
			proxyType = 1;
			remoteGlobalIDString = 885FE3A71A90F320007040A5;
			remoteInfo = Calculator;
		};
/* End PBXContainerItemProxy section */

/* Begin PBXFileReference section */
		885FE3A81A90F320007040A5 /* Calculator.app */ = {isa = PBXFileReference; explicitFileType = wrapper.application; includeInIndex = 0; path = Calculator.app; sourceTree = BUILT_PRODUCTS_DIR; };
		885FE3AC1A90F320007040A5 /* Info.plist */ = {isa = PBXFileReference; lastKnownFileType = text.plist.xml; path = Info.plist; sourceTree = "<group>"; };
		885FE3AD1A90F320007040A5 /* AppDelegate.swift */ = {isa = PBXFileReference; lastKnownFileType = sourcecode.swift; path = AppDelegate.swift; sourceTree = "<group>"; };
		885FE3AF1A90F320007040A5 /* ViewController.swift */ = {isa = PBXFileReference; lastKnownFileType = sourcecode.swift; path = ViewController.swift; sourceTree = "<group>"; };
		885FE3B21A90F320007040A5 /* Base */ = {isa = PBXFileReference; lastKnownFileType = file.storyboard; name = Base; path = Base.lproj/Main.storyboard; sourceTree = "<group>"; };
		885FE3B41A90F320007040A5 /* Images.xcassets */ = {isa = PBXFileReference; lastKnownFileType = folder.assetcatalog; path = Images.xcassets; sourceTree = "<group>"; };
		885FE3B71A90F320007040A5 /* Base */ = {isa = PBXFileReference; lastKnownFileType = file.xib; name = Base; path = Base.lproj/LaunchScreen.xib; sourceTree = "<group>"; };
		885FE3BD1A90F320007040A5 /* CalculatorTests.xctest */ = {isa = PBXFileReference; explicitFileType = wrapper.cfbundle; includeInIndex = 0; path = CalculatorTests.xctest; sourceTree = BUILT_PRODUCTS_DIR; };
		885FE3C21A90F320007040A5 /* Info.plist */ = {isa = PBXFileReference; lastKnownFileType = text.plist.xml; path = Info.plist; sourceTree = "<group>"; };
		885FE3C31A90F320007040A5 /* CalculatorTests.swift */ = {isa = PBXFileReference; lastKnownFileType = sourcecode.swift; path = CalculatorTests.swift; sourceTree = "<group>"; };
/* End PBXFileReference section */

/* Begin PBXFrameworksBuildPhase section */
		885FE3A51A90F320007040A5 /* Frameworks */ = {
			isa = PBXFrameworksBuildPhase;
			buildActionMask = 2147483647;
			files = (
			);
			runOnlyForDeploymentPostprocessing = 0;
		};
		885FE3BA1A90F320007040A5 /* Frameworks */ = {
			isa = PBXFrameworksBuildPhase;
			buildActionMask = 2147483647;
			files = (
			);
			runOnlyForDeploymentPostprocessing = 0;
		};
/* End PBXFrameworksBuildPhase section */

/* Begin PBXGroup section */
		885FE39F1A90F320007040A5 = {
			isa = PBXGroup;
			children = (
				885FE3AA1A90F320007040A5 /* Calculator */,
				885FE3C01A90F320007040A5 /* CalculatorTests */,
				885FE3A91A90F320007040A5 /* Products */,
			);
			sourceTree = "<group>";
		};
		885FE3A91A90F320007040A5 /* Products */ = {
			isa = PBXGroup;
			children = (
				885FE3A81A90F320007040A5 /* Calculator.app */,
				885FE3BD1A90F320007040A5 /* CalculatorTests.xctest */,
			);
			name = Products;
			sourceTree = "<group>";
		};
		885FE3AA1A90F320007040A5 /* Calculator */ = {
			isa = PBXGroup;
			children = (
				885FE3AF1A90F320007040A5 /* ViewController.swift */,
				885FE3B11A90F320007040A5 /* Main.storyboard */,
				885FE3AB1A90F320007040A5 /* Supporting Files */,
			);
			path = Calculator;
			sourceTree = "<group>";
		};
		885FE3AB1A90F320007040A5 /* Supporting Files */ = {
			isa = PBXGroup;
			children = (
				885FE3AD1A90F320007040A5 /* AppDelegate.swift */,
				885FE3B41A90F320007040A5 /* Images.xcassets */,
				885FE3B61A90F320007040A5 /* LaunchScreen.xib */,
				885FE3AC1A90F320007040A5 /* Info.plist */,
			);
			name = "Supporting Files";
			sourceTree = "<group>";
		};
		885FE3C01A90F320007040A5 /* CalculatorTests */ = {
			isa = PBXGroup;
			children = (
				885FE3C31A90F320007040A5 /* CalculatorTests.swift */,
				885FE3C11A90F320007040A5 /* Supporting Files */,
			);
			path = CalculatorTests;
			sourceTree = "<group>";
		};
		885FE3C11A90F320007040A5 /* Supporting Files */ = {
			isa = PBXGroup;
			children = (
				885FE3C21A90F320007040A5 /* Info.plist */,
			);
			name = "Supporting Files";
			sourceTree = "<group>";
		};
/* End PBXGroup section */

/* Begin PBXNativeTarget section */
		885FE3A71A90F320007040A5 /* Calculator */ = {
			isa = PBXNativeTarget;
			buildConfigurationList = 885FE3C71A90F320007040A5 /* Build configuration list for PBXNativeTarget "Calculator" */;
			buildPhases = (
				885FE3A41A90F320007040A5 /* Sources */,
				885FE3A51A90F320007040A5 /* Frameworks */,
				885FE3A61A90F320007040A5 /* Resources */,
			);
			buildRules = (
			);
			dependencies = (
			);
			name = Calculator;
			productName = Calculator;
			productReference = 885FE3A81A90F320007040A5 /* Calculator.app */;
			productType = "com.apple.product-type.application";
		};
		885FE3BC1A90F320007040A5 /* CalculatorTests */ = {
			isa = PBXNativeTarget;
			buildConfigurationList = 885FE3CA1A90F320007040A5 /* Build configuration list for PBXNativeTarget "CalculatorTests" */;
			buildPhases = (
				885FE3B91A90F320007040A5 /* Sources */,
				885FE3BA1A90F320007040A5 /* Frameworks */,
				885FE3BB1A90F320007040A5 /* Resources */,
			);
			buildRules = (
			);
			dependencies = (
				885FE3BF1A90F320007040A5 /* PBXTargetDependency */,
			);
			name = CalculatorTests;
			productName = CalculatorTests;
			productReference = 885FE3BD1A90F320007040A5 /* CalculatorTests.xctest */;
			productType = "com.apple.product-type.bundle.unit-test";
		};
/* End PBXNativeTarget section */

/* Begin PBXProject section */
		885FE3A01A90F320007040A5 /* Project object */ = {
			isa = PBXProject;
			attributes = {
				LastUpgradeCheck = 0610;
				ORGANIZATIONNAME = Qlovur;
				TargetAttributes = {
					885FE3A71A90F320007040A5 = {
						CreatedOnToolsVersion = 6.1.1;
					};
					885FE3BC1A90F320007040A5 = {
						CreatedOnToolsVersion = 6.1.1;
						TestTargetID = 885FE3A71A90F320007040A5;
					};
				};
			};
			buildConfigurationList = 885FE3A31A90F320007040A5 /* Build configuration list for PBXProject "Calculator" */;
			compatibilityVersion = "Xcode 3.2";
			developmentRegion = English;
			hasScannedForEncodings = 0;
			knownRegions = (
				en,
				Base,
			);
			mainGroup = 885FE39F1A90F320007040A5;
			productRefGroup = 885FE3A91A90F320007040A5 /* Products */;
			projectDirPath = "";
			projectRoot = "";
			targets = (
				885FE3A71A90F320007040A5 /* Calculator */,
				885FE3BC1A90F320007040A5 /* CalculatorTests */,
			);
		};
/* End PBXProject section */

/* Begin PBXResourcesBuildPhase section */
		885FE3A61A90F320007040A5 /* Resources */ = {
			isa = PBXResourcesBuildPhase;
			buildActionMask = 2147483647;
			files = (
				885FE3B31A90F320007040A5 /* Main.storyboard in Resources */,
				885FE3B81A90F320007040A5 /* LaunchScreen.xib in Resources */,
				885FE3B51A90F320007040A5 /* Images.xcassets in Resources */,
			);
			runOnlyForDeploymentPostprocessing = 0;
		};
		885FE3BB1A90F320007040A5 /* Resources */ = {
			isa = PBXResourcesBuildPhase;
			buildActionMask = 2147483647;
			files = (
			);
			runOnlyForDeploymentPostprocessing = 0;
		};
/* End PBXResourcesBuildPhase section */

/* Begin PBXSourcesBuildPhase section */
		885FE3A41A90F320007040A5 /* Sources */ = {
			isa = PBXSourcesBuildPhase;
			buildActionMask = 2147483647;
			files = (
				885FE3B01A90F320007040A5 /* ViewController.swift in Sources */,
				885FE3AE1A90F320007040A5 /* AppDelegate.swift in Sources */,
			);
			runOnlyForDeploymentPostprocessing = 0;
		};
		885FE3B91A90F320007040A5 /* Sources */ = {
			isa = PBXSourcesBuildPhase;
			buildActionMask = 2147483647;
			files = (
				885FE3C41A90F320007040A5 /* CalculatorTests.swift in Sources */,
			);
			runOnlyForDeploymentPostprocessing = 0;
		};
/* End PBXSourcesBuildPhase section */

/* Begin PBXTargetDependency section */
		885FE3BF1A90F320007040A5 /* PBXTargetDependency */ = {
			isa = PBXTargetDependency;
			target = 885FE3A71A90F320007040A5 /* Calculator */;
			targetProxy = 885FE3BE1A90F320007040A5 /* PBXContainerItemProxy */;
		};
/* End PBXTargetDependency section */

/* Begin PBXVariantGroup section */
		885FE3B11A90F320007040A5 /* Main.storyboard */ = {
			isa = PBXVariantGroup;
			children = (
				885FE3B21A90F320007040A5 /* Base */,
			);
			name = Main.storyboard;
			sourceTree = "<group>";
		};
		885FE3B61A90F320007040A5 /* LaunchScreen.xib */ = {
			isa = PBXVariantGroup;
			children = (
				885FE3B71A90F320007040A5 /* Base */,
			);
			name = LaunchScreen.xib;
			sourceTree = "<group>";
		};
/* End PBXVariantGroup section */

/* Begin XCBuildConfiguration section */
		885FE3C51A90F320007040A5 /* Debug */ = {
			isa = XCBuildConfiguration;
			buildSettings = {
				ALWAYS_SEARCH_USER_PATHS = NO;
				CLANG_CXX_LANGUAGE_STANDARD = "gnu++0x";
				CLANG_CXX_LIBRARY = "libc++";
				CLANG_ENABLE_MODULES = YES;
				CLANG_ENABLE_OBJC_ARC = YES;
				CLANG_WARN_BOOL_CONVERSION = YES;
				CLANG_WARN_CONSTANT_CONVERSION = YES;
				CLANG_WARN_DIRECT_OBJC_ISA_USAGE = YES_ERROR;
				CLANG_WARN_EMPTY_BODY = YES;
				CLANG_WARN_ENUM_CONVERSION = YES;
				CLANG_WARN_INT_CONVERSION = YES;
				CLANG_WARN_OBJC_ROOT_CLASS = YES_ERROR;
				CLANG_WARN_UNREACHABLE_CODE = YES;
				CLANG_WARN__DUPLICATE_METHOD_MATCH = YES;
				"CODE_SIGN_IDENTITY[sdk=iphoneos*]" = "iPhone Developer";
				COPY_PHASE_STRIP = NO;
				ENABLE_STRICT_OBJC_MSGSEND = YES;
				GCC_C_LANGUAGE_STANDARD = gnu99;
				GCC_DYNAMIC_NO_PIC = NO;
				GCC_OPTIMIZATION_LEVEL = 0;
				GCC_PREPROCESSOR_DEFINITIONS = (
					"DEBUG=1",
					"$(inherited)",
				);
				GCC_SYMBOLS_PRIVATE_EXTERN = NO;
				GCC_WARN_64_TO_32_BIT_CONVERSION = YES;
				GCC_WARN_ABOUT_RETURN_TYPE = YES_ERROR;
				GCC_WARN_UNDECLARED_SELECTOR = YES;
				GCC_WARN_UNINITIALIZED_AUTOS = YES_AGGRESSIVE;
				GCC_WARN_UNUSED_FUNCTION = YES;
				GCC_WARN_UNUSED_VARIABLE = YES;
				IPHONEOS_DEPLOYMENT_TARGET = 8.1;
				MTL_ENABLE_DEBUG_INFO = YES;
				ONLY_ACTIVE_ARCH = YES;
				SDKROOT = iphoneos;
				SWIFT_OPTIMIZATION_LEVEL = "-Onone";
				TARGETED_DEVICE_FAMILY = "1,2";
			};
			name = Debug;
		};
		885FE3C61A90F320007040A5 /* Release */ = {
			isa = XCBuildConfiguration;
			buildSettings = {
				ALWAYS_SEARCH_USER_PATHS = NO;
				CLANG_CXX_LANGUAGE_STANDARD = "gnu++0x";
				CLANG_CXX_LIBRARY = "libc++";
				CLANG_ENABLE_MODULES = YES;
				CLANG_ENABLE_OBJC_ARC = YES;
				CLANG_WARN_BOOL_CONVERSION = YES;
				CLANG_WARN_CONSTANT_CONVERSION = YES;
				CLANG_WARN_DIRECT_OBJC_ISA_USAGE = YES_ERROR;
				CLANG_WARN_EMPTY_BODY = YES;
				CLANG_WARN_ENUM_CONVERSION = YES;
				CLANG_WARN_INT_CONVERSION = YES;
				CLANG_WARN_OBJC_ROOT_CLASS = YES_ERROR;
				CLANG_WARN_UNREACHABLE_CODE = YES;
				CLANG_WARN__DUPLICATE_METHOD_MATCH = YES;
				"CODE_SIGN_IDENTITY[sdk=iphoneos*]" = "iPhone Developer";
				COPY_PHASE_STRIP = YES;
				ENABLE_NS_ASSERTIONS = NO;
				ENABLE_STRICT_OBJC_MSGSEND = YES;
				GCC_C_LANGUAGE_STANDARD = gnu99;
				GCC_WARN_64_TO_32_BIT_CONVERSION = YES;
				GCC_WARN_ABOUT_RETURN_TYPE = YES_ERROR;
				GCC_WARN_UNDECLARED_SELECTOR = YES;
				GCC_WARN_UNINITIALIZED_AUTOS = YES_AGGRESSIVE;
				GCC_WARN_UNUSED_FUNCTION = YES;
				GCC_WARN_UNUSED_VARIABLE = YES;
				IPHONEOS_DEPLOYMENT_TARGET = 8.1;
				MTL_ENABLE_DEBUG_INFO = NO;
				SDKROOT = iphoneos;
				TARGETED_DEVICE_FAMILY = "1,2";
				VALIDATE_PRODUCT = YES;
			};
			name = Release;
		};
		885FE3C81A90F320007040A5 /* Debug */ = {
			isa = XCBuildConfiguration;
			buildSettings = {
				ASSETCATALOG_COMPILER_APPICON_NAME = AppIcon;
				INFOPLIST_FILE = Calculator/Info.plist;
				LD_RUNPATH_SEARCH_PATHS = "$(inherited) @executable_path/Frameworks";
				PRODUCT_NAME = "$(TARGET_NAME)";
			};
			name = Debug;
		};
		885FE3C91A90F320007040A5 /* Release */ = {
			isa = XCBuildConfiguration;
			buildSettings = {
				ASSETCATALOG_COMPILER_APPICON_NAME = AppIcon;
				INFOPLIST_FILE = Calculator/Info.plist;
				LD_RUNPATH_SEARCH_PATHS = "$(inherited) @executable_path/Frameworks";
				PRODUCT_NAME = "$(TARGET_NAME)";
			};
			name = Release;
		};
		885FE3CB1A90F320007040A5 /* Debug */ = {
			isa = XCBuildConfiguration;
			buildSettings = {
				BUNDLE_LOADER = "$(TEST_HOST)";
				FRAMEWORK_SEARCH_PATHS = (
					"$(SDKROOT)/Developer/Library/Frameworks",
					"$(inherited)",
				);
				GCC_PREPROCESSOR_DEFINITIONS = (
					"DEBUG=1",
					"$(inherited)",
				);
				INFOPLIST_FILE = CalculatorTests/Info.plist;
				LD_RUNPATH_SEARCH_PATHS = "$(inherited) @executable_path/Frameworks @loader_path/Frameworks";
				PRODUCT_NAME = "$(TARGET_NAME)";
				TEST_HOST = "$(BUILT_PRODUCTS_DIR)/Calculator.app/Calculator";
			};
			name = Debug;
		};
		885FE3CC1A90F320007040A5 /* Release */ = {
			isa = XCBuildConfiguration;
			buildSettings = {
				BUNDLE_LOADER = "$(TEST_HOST)";
				FRAMEWORK_SEARCH_PATHS = (
					"$(SDKROOT)/Developer/Library/Frameworks",
					"$(inherited)",
				);
				INFOPLIST_FILE = CalculatorTests/Info.plist;
				LD_RUNPATH_SEARCH_PATHS = "$(inherited) @executable_path/Frameworks @loader_path/Frameworks";
				PRODUCT_NAME = "$(TARGET_NAME)";
				TEST_HOST = "$(BUILT_PRODUCTS_DIR)/Calculator.app/Calculator";
			};
			name = Release;
		};
/* End XCBuildConfiguration section */

/* Begin XCConfigurationList section */
		885FE3A31A90F320007040A5 /* Build configuration list for PBXProject "Calculator" */ = {
			isa = XCConfigurationList;
			buildConfigurations = (
				885FE3C51A90F320007040A5 /* Debug */,
				885FE3C61A90F320007040A5 /* Release */,
			);
			defaultConfigurationIsVisible = 0;
			defaultConfigurationName = Release;
		};
		885FE3C71A90F320007040A5 /* Build configuration list for PBXNativeTarget "Calculator" */ = {
			isa = XCConfigurationList;
			buildConfigurations = (
				885FE3C81A90F320007040A5 /* Debug */,
				885FE3C91A90F320007040A5 /* Release */,
			);
			defaultConfigurationIsVisible = 0;
		};
		885FE3CA1A90F320007040A5 /* Build configuration list for PBXNativeTarget "CalculatorTests" */ = {
			isa = XCConfigurationList;
			buildConfigurations = (
				885FE3CB1A90F320007040A5 /* Debug */,
				885FE3CC1A90F320007040A5 /* Release */,
			);
			defaultConfigurationIsVisible = 0;
		};
/* End XCConfigurationList section */
	};
	rootObject = 885FE3A01A90F320007040A5 /* Project object */;
}
