// !$*UTF8*$!
{
	archiveVersion = 1;
	classes = {
	};
	objectVersion = 46;
	objects = {

/* Begin PBXBuildFile section */
		8832DDFC1BD2BCFF0081B9C4 /* AppDelegate.swift in Sources */ = {isa = PBXBuildFile; fileRef = 8832DDFB1BD2BCFF0081B9C4 /* AppDelegate.swift */; };
		8832DDFE1BD2BCFF0081B9C4 /* ViewController.swift in Sources */ = {isa = PBXBuildFile; fileRef = 8832DDFD1BD2BCFF0081B9C4 /* ViewController.swift */; };
		8832DE011BD2BCFF0081B9C4 /* Main.storyboard in Resources */ = {isa = PBXBuildFile; fileRef = 8832DDFF1BD2BCFF0081B9C4 /* Main.storyboard */; };
		8832DE031BD2BCFF0081B9C4 /* Assets.xcassets in Resources */ = {isa = PBXBuildFile; fileRef = 8832DE021BD2BCFF0081B9C4 /* Assets.xcassets */; };
		8832DE061BD2BCFF0081B9C4 /* LaunchScreen.storyboard in Resources */ = {isa = PBXBuildFile; fileRef = 8832DE041BD2BCFF0081B9C4 /* LaunchScreen.storyboard */; };
/* End PBXBuildFile section */

/* Begin PBXFileReference section */
		8832DDF81BD2BCFF0081B9C4 /* MyFirstApp.app */ = {isa = PBXFileReference; explicitFileType = wrapper.application; includeInIndex = 0; path = MyFirstApp.app; sourceTree = BUILT_PRODUCTS_DIR; };
		8832DDFB1BD2BCFF0081B9C4 /* AppDelegate.swift */ = {isa = PBXFileReference; lastKnownFileType = sourcecode.swift; path = AppDelegate.swift; sourceTree = "<group>"; };
		8832DDFD1BD2BCFF0081B9C4 /* ViewController.swift */ = {isa = PBXFileReference; lastKnownFileType = sourcecode.swift; path = ViewController.swift; sourceTree = "<group>"; };
		8832DE001BD2BCFF0081B9C4 /* Base */ = {isa = PBXFileReference; lastKnownFileType = file.storyboard; name = Base; path = Base.lproj/Main.storyboard; sourceTree = "<group>"; };
		8832DE021BD2BCFF0081B9C4 /* Assets.xcassets */ = {isa = PBXFileReference; lastKnownFileType = folder.assetcatalog; path = Assets.xcassets; sourceTree = "<group>"; };
		8832DE051BD2BCFF0081B9C4 /* Base */ = {isa = PBXFileReference; lastKnownFileType = file.storyboard; name = Base; path = Base.lproj/LaunchScreen.storyboard; sourceTree = "<group>"; };
		8832DE071BD2BCFF0081B9C4 /* Info.plist */ = {isa = PBXFileReference; lastKnownFileType = text.plist.xml; path = Info.plist; sourceTree = "<group>"; };
/* End PBXFileReference section */

/* Begin PBXFrameworksBuildPhase section */
		8832DDF51BD2BCFF0081B9C4 /* Frameworks */ = {
			isa = PBXFrameworksBuildPhase;
			buildActionMask = 2147483647;
			files = (
			);
			runOnlyForDeploymentPostprocessing = 0;
		};
/* End PBXFrameworksBuildPhase section */

/* Begin PBXGroup section */
		8832DDEF1BD2BCFF0081B9C4 = {
			isa = PBXGroup;
			children = (
				8832DDFA1BD2BCFF0081B9C4 /* MyFirstApp */,
				8832DDF91BD2BCFF0081B9C4 /* Products */,
			);
			sourceTree = "<group>";
		};
		8832DDF91BD2BCFF0081B9C4 /* Products */ = {
			isa = PBXGroup;
			children = (
				8832DDF81BD2BCFF0081B9C4 /* MyFirstApp.app */,
			);
			name = Products;
			sourceTree = "<group>";
		};
		8832DDFA1BD2BCFF0081B9C4 /* MyFirstApp */ = {
			isa = PBXGroup;
			children = (
				8832DDFB1BD2BCFF0081B9C4 /* AppDelegate.swift */,
				8832DDFD1BD2BCFF0081B9C4 /* ViewController.swift */,
				8832DDFF1BD2BCFF0081B9C4 /* Main.storyboard */,
				8832DE021BD2BCFF0081B9C4 /* Assets.xcassets */,
				8832DE041BD2BCFF0081B9C4 /* LaunchScreen.storyboard */,
				8832DE071BD2BCFF0081B9C4 /* Info.plist */,
			);
			path = MyFirstApp;
			sourceTree = "<group>";
		};
/* End PBXGroup section */

/* Begin PBXNativeTarget section */
		8832DDF71BD2BCFF0081B9C4 /* MyFirstApp */ = {
			isa = PBXNativeTarget;
			buildConfigurationList = 8832DE0A1BD2BCFF0081B9C4 /* Build configuration list for PBXNativeTarget "MyFirstApp" */;
			buildPhases = (
				8832DDF41BD2BCFF0081B9C4 /* Sources */,
				8832DDF51BD2BCFF0081B9C4 /* Frameworks */,
				8832DDF61BD2BCFF0081B9C4 /* Resources */,
			);
			buildRules = (
			);
			dependencies = (
			);
			name = MyFirstApp;
			productName = MyFirstApp;
			productReference = 8832DDF81BD2BCFF0081B9C4 /* MyFirstApp.app */;
			productType = "com.apple.product-type.application";
		};
/* End PBXNativeTarget section */

/* Begin PBXProject section */
		8832DDF01BD2BCFF0081B9C4 /* Project object */ = {
			isa = PBXProject;
			attributes = {
				LastUpgradeCheck = 0700;
				ORGANIZATIONNAME = uoft;
				TargetAttributes = {
					8832DDF71BD2BCFF0081B9C4 = {
						CreatedOnToolsVersion = 7.0.1;
						DevelopmentTeam = 98ELRV8VW9;
					};
				};
			};
			buildConfigurationList = 8832DDF31BD2BCFF0081B9C4 /* Build configuration list for PBXProject "MyFirstApp" */;
			compatibilityVersion = "Xcode 3.2";
			developmentRegion = English;
			hasScannedForEncodings = 0;
			knownRegions = (
				en,
				Base,
			);
			mainGroup = 8832DDEF1BD2BCFF0081B9C4;
			productRefGroup = 8832DDF91BD2BCFF0081B9C4 /* Products */;
			projectDirPath = "";
			projectRoot = "";
			targets = (
				8832DDF71BD2BCFF0081B9C4 /* MyFirstApp */,
			);
		};
/* End PBXProject section */

/* Begin PBXResourcesBuildPhase section */
		8832DDF61BD2BCFF0081B9C4 /* Resources */ = {
			isa = PBXResourcesBuildPhase;
			buildActionMask = 2147483647;
			files = (
				8832DE061BD2BCFF0081B9C4 /* LaunchScreen.storyboard in Resources */,
				8832DE031BD2BCFF0081B9C4 /* Assets.xcassets in Resources */,
				8832DE011BD2BCFF0081B9C4 /* Main.storyboard in Resources */,
			);
			runOnlyForDeploymentPostprocessing = 0;
		};
/* End PBXResourcesBuildPhase section */

/* Begin PBXSourcesBuildPhase section */
		8832DDF41BD2BCFF0081B9C4 /* Sources */ = {
			isa = PBXSourcesBuildPhase;
			buildActionMask = 2147483647;
			files = (
				8832DDFE1BD2BCFF0081B9C4 /* ViewController.swift in Sources */,
				8832DDFC1BD2BCFF0081B9C4 /* AppDelegate.swift in Sources */,
			);
			runOnlyForDeploymentPostprocessing = 0;
		};
/* End PBXSourcesBuildPhase section */

/* Begin PBXVariantGroup section */
		8832DDFF1BD2BCFF0081B9C4 /* Main.storyboard */ = {
			isa = PBXVariantGroup;
			children = (
				8832DE001BD2BCFF0081B9C4 /* Base */,
			);
			name = Main.storyboard;
			sourceTree = "<group>";
		};
		8832DE041BD2BCFF0081B9C4 /* LaunchScreen.storyboard */ = {
			isa = PBXVariantGroup;
			children = (
				8832DE051BD2BCFF0081B9C4 /* Base */,
			);
			name = LaunchScreen.storyboard;
			sourceTree = "<group>";
		};
/* End PBXVariantGroup section */

/* Begin XCBuildConfiguration section */
		8832DE081BD2BCFF0081B9C4 /* Debug */ = {
			isa = XCBuildConfiguration;
			buildSettings = {
				ALWAYS_SEARCH_USER_PATHS = NO;
				CLANG_CXX_LANGUAGE_STANDARD = "gnu++0x";
				CLANG_CXX_LIBRARY = "libc++";
				CLANG_ENABLE_MODULES = YES;
				CLANG_ENABLE_OBJC_ARC = YES;
				CLANG_WARN_BOOL_CONVERSION = YES;
				CLANG_WARN_CONSTANT_CONVERSION = YES;
				CLANG_WARN_DIRECT_OBJC_ISA_USAGE = YES_ERROR;
				CLANG_WARN_EMPTY_BODY = YES;
				CLANG_WARN_ENUM_CONVERSION = YES;
				CLANG_WARN_INT_CONVERSION = YES;
				CLANG_WARN_OBJC_ROOT_CLASS = YES_ERROR;
				CLANG_WARN_UNREACHABLE_CODE = YES;
				CLANG_WARN__DUPLICATE_METHOD_MATCH = YES;
				"CODE_SIGN_IDENTITY[sdk=iphoneos*]" = "iPhone Developer";
				COPY_PHASE_STRIP = NO;
				DEBUG_INFORMATION_FORMAT = dwarf;
				ENABLE_STRICT_OBJC_MSGSEND = YES;
				ENABLE_TESTABILITY = YES;
				GCC_C_LANGUAGE_STANDARD = gnu99;
				GCC_DYNAMIC_NO_PIC = NO;
				GCC_NO_COMMON_BLOCKS = YES;
				GCC_OPTIMIZATION_LEVEL = 0;
				GCC_PREPROCESSOR_DEFINITIONS = (
					"DEBUG=1",
					"$(inherited)",
				);
				GCC_WARN_64_TO_32_BIT_CONVERSION = YES;
				GCC_WARN_ABOUT_RETURN_TYPE = YES_ERROR;
				GCC_WARN_UNDECLARED_SELECTOR = YES;
				GCC_WARN_UNINITIALIZED_AUTOS = YES_AGGRESSIVE;
				GCC_WARN_UNUSED_FUNCTION = YES;
				GCC_WARN_UNUSED_VARIABLE = YES;
				IPHONEOS_DEPLOYMENT_TARGET = 9.0;
				MTL_ENABLE_DEBUG_INFO = YES;
				ONLY_ACTIVE_ARCH = YES;
				SDKROOT = iphoneos;
				SWIFT_OPTIMIZATION_LEVEL = "-Onone";
				TARGETED_DEVICE_FAMILY = "1,2";
			};
			name = Debug;
		};
		8832DE091BD2BCFF0081B9C4 /* Release */ = {
			isa = XCBuildConfiguration;
			buildSettings = {
				ALWAYS_SEARCH_USER_PATHS = NO;
				CLANG_CXX_LANGUAGE_STANDARD = "gnu++0x";
				CLANG_CXX_LIBRARY = "libc++";
				CLANG_ENABLE_MODULES = YES;
				CLANG_ENABLE_OBJC_ARC = YES;
				CLANG_WARN_BOOL_CONVERSION = YES;
				CLANG_WARN_CONSTANT_CONVERSION = YES;
				CLANG_WARN_DIRECT_OBJC_ISA_USAGE = YES_ERROR;
				CLANG_WARN_EMPTY_BODY = YES;
				CLANG_WARN_ENUM_CONVERSION = YES;
				CLANG_WARN_INT_CONVERSION = YES;
				CLANG_WARN_OBJC_ROOT_CLASS = YES_ERROR;
				CLANG_WARN_UNREACHABLE_CODE = YES;
				CLANG_WARN__DUPLICATE_METHOD_MATCH = YES;
				"CODE_SIGN_IDENTITY[sdk=iphoneos*]" = "iPhone Developer";
				COPY_PHASE_STRIP = NO;
				DEBUG_INFORMATION_FORMAT = "dwarf-with-dsym";
				ENABLE_NS_ASSERTIONS = NO;
				ENABLE_STRICT_OBJC_MSGSEND = YES;
				GCC_C_LANGUAGE_STANDARD = gnu99;
				GCC_NO_COMMON_BLOCKS = YES;
				GCC_WARN_64_TO_32_BIT_CONVERSION = YES;
				GCC_WARN_ABOUT_RETURN_TYPE = YES_ERROR;
				GCC_WARN_UNDECLARED_SELECTOR = YES;
				GCC_WARN_UNINITIALIZED_AUTOS = YES_AGGRESSIVE;
				GCC_WARN_UNUSED_FUNCTION = YES;
				GCC_WARN_UNUSED_VARIABLE = YES;
				IPHONEOS_DEPLOYMENT_TARGET = 9.0;
				MTL_ENABLE_DEBUG_INFO = NO;
				SDKROOT = iphoneos;
				TARGETED_DEVICE_FAMILY = "1,2";
				VALIDATE_PRODUCT = YES;
			};
			name = Release;
		};
		8832DE0B1BD2BCFF0081B9C4 /* Debug */ = {
			isa = XCBuildConfiguration;
			buildSettings = {
				ASSETCATALOG_COMPILER_APPICON_NAME = AppIcon;
				INFOPLIST_FILE = MyFirstApp/Info.plist;
				LD_RUNPATH_SEARCH_PATHS = "$(inherited) @executable_path/Frameworks";
				PRODUCT_BUNDLE_IDENTIFIER = uoft.MyFirstApp;
				PRODUCT_NAME = "$(TARGET_NAME)";
			};
			name = Debug;
		};
		8832DE0C1BD2BCFF0081B9C4 /* Release */ = {
			isa = XCBuildConfiguration;
			buildSettings = {
				ASSETCATALOG_COMPILER_APPICON_NAME = AppIcon;
				INFOPLIST_FILE = MyFirstApp/Info.plist;
				LD_RUNPATH_SEARCH_PATHS = "$(inherited) @executable_path/Frameworks";
				PRODUCT_BUNDLE_IDENTIFIER = uoft.MyFirstApp;
				PRODUCT_NAME = "$(TARGET_NAME)";
			};
			name = Release;
		};
/* End XCBuildConfiguration section */

/* Begin XCConfigurationList section */
		8832DDF31BD2BCFF0081B9C4 /* Build configuration list for PBXProject "MyFirstApp" */ = {
			isa = XCConfigurationList;
			buildConfigurations = (
				8832DE081BD2BCFF0081B9C4 /* Debug */,
				8832DE091BD2BCFF0081B9C4 /* Release */,
			);
			defaultConfigurationIsVisible = 0;
			defaultConfigurationName = Release;
		};
		8832DE0A1BD2BCFF0081B9C4 /* Build configuration list for PBXNativeTarget "MyFirstApp" */ = {
			isa = XCConfigurationList;
			buildConfigurations = (
				8832DE0B1BD2BCFF0081B9C4 /* Debug */,
				8832DE0C1BD2BCFF0081B9C4 /* Release */,
			);
			defaultConfigurationIsVisible = 0;
		};
/* End XCConfigurationList section */
	};
	rootObject = 8832DDF01BD2BCFF0081B9C4 /* Project object */;
}
