// !$*UTF8*$!
{
	archiveVersion = 1;
	classes = {
	};
	objectVersion = 46;
	objects = {

/* Begin PBXBuildFile section */
		8851EF9719DEEB5E00485350 /* main.m in Sources */ = {isa = PBXBuildFile; fileRef = 8851EF9619DEEB5E00485350 /* main.m */; };
		8851EF9A19DEEB5E00485350 /* AppDelegate.m in Sources */ = {isa = PBXBuildFile; fileRef = 8851EF9919DEEB5E00485350 /* AppDelegate.m */; };
		8851EF9D19DEEB5E00485350 /* ViewController.m in Sources */ = {isa = PBXBuildFile; fileRef = 8851EF9C19DEEB5E00485350 /* ViewController.m */; };
		8851EFA019DEEB5E00485350 /* Main.storyboard in Resources */ = {isa = PBXBuildFile; fileRef = 8851EF9E19DEEB5E00485350 /* Main.storyboard */; };
		8851EFA219DEEB5E00485350 /* Images.xcassets in Resources */ = {isa = PBXBuildFile; fileRef = 8851EFA119DEEB5E00485350 /* Images.xcassets */; };
		8851EFA519DEEB5E00485350 /* LaunchScreen.xib in Resources */ = {isa = PBXBuildFile; fileRef = 8851EFA319DEEB5E00485350 /* LaunchScreen.xib */; };
		8851EFB119DEEB5E00485350 /* AlertMeTests.m in Sources */ = {isa = PBXBuildFile; fileRef = 8851EFB019DEEB5E00485350 /* AlertMeTests.m */; };
/* End PBXBuildFile section */

/* Begin PBXContainerItemProxy section */
		8851EFAB19DEEB5E00485350 /* PBXContainerItemProxy */ = {
			isa = PBXContainerItemProxy;
			containerPortal = 8851EF8919DEEB5E00485350 /* Project object */;
			proxyType = 1;
			remoteGlobalIDString = 8851EF9019DEEB5E00485350;
			remoteInfo = AlertMe;
		};
/* End PBXContainerItemProxy section */

/* Begin PBXFileReference section */
		8851EF9119DEEB5E00485350 /* AlertMe.app */ = {isa = PBXFileReference; explicitFileType = wrapper.application; includeInIndex = 0; path = AlertMe.app; sourceTree = BUILT_PRODUCTS_DIR; };
		8851EF9519DEEB5E00485350 /* Info.plist */ = {isa = PBXFileReference; lastKnownFileType = text.plist.xml; path = Info.plist; sourceTree = "<group>"; };
		8851EF9619DEEB5E00485350 /* main.m */ = {isa = PBXFileReference; lastKnownFileType = sourcecode.c.objc; path = main.m; sourceTree = "<group>"; };
		8851EF9819DEEB5E00485350 /* AppDelegate.h */ = {isa = PBXFileReference; lastKnownFileType = sourcecode.c.h; path = AppDelegate.h; sourceTree = "<group>"; };
		8851EF9919DEEB5E00485350 /* AppDelegate.m */ = {isa = PBXFileReference; lastKnownFileType = sourcecode.c.objc; path = AppDelegate.m; sourceTree = "<group>"; };
		8851EF9B19DEEB5E00485350 /* ViewController.h */ = {isa = PBXFileReference; lastKnownFileType = sourcecode.c.h; path = ViewController.h; sourceTree = "<group>"; };
		8851EF9C19DEEB5E00485350 /* ViewController.m */ = {isa = PBXFileReference; lastKnownFileType = sourcecode.c.objc; path = ViewController.m; sourceTree = "<group>"; };
		8851EF9F19DEEB5E00485350 /* Base */ = {isa = PBXFileReference; lastKnownFileType = file.storyboard; name = Base; path = Base.lproj/Main.storyboard; sourceTree = "<group>"; };
		8851EFA119DEEB5E00485350 /* Images.xcassets */ = {isa = PBXFileReference; lastKnownFileType = folder.assetcatalog; path = Images.xcassets; sourceTree = "<group>"; };
		8851EFA419DEEB5E00485350 /* Base */ = {isa = PBXFileReference; lastKnownFileType = file.xib; name = Base; path = Base.lproj/LaunchScreen.xib; sourceTree = "<group>"; };
		8851EFAA19DEEB5E00485350 /* AlertMeTests.xctest */ = {isa = PBXFileReference; explicitFileType = wrapper.cfbundle; includeInIndex = 0; path = AlertMeTests.xctest; sourceTree = BUILT_PRODUCTS_DIR; };
		8851EFAF19DEEB5E00485350 /* Info.plist */ = {isa = PBXFileReference; lastKnownFileType = text.plist.xml; path = Info.plist; sourceTree = "<group>"; };
		8851EFB019DEEB5E00485350 /* AlertMeTests.m */ = {isa = PBXFileReference; lastKnownFileType = sourcecode.c.objc; path = AlertMeTests.m; sourceTree = "<group>"; };
/* End PBXFileReference section */

/* Begin PBXFrameworksBuildPhase section */
		8851EF8E19DEEB5E00485350 /* Frameworks */ = {
			isa = PBXFrameworksBuildPhase;
			buildActionMask = 2147483647;
			files = (
			);
			runOnlyForDeploymentPostprocessing = 0;
		};
		8851EFA719DEEB5E00485350 /* Frameworks */ = {
			isa = PBXFrameworksBuildPhase;
			buildActionMask = 2147483647;
			files = (
			);
			runOnlyForDeploymentPostprocessing = 0;
		};
/* End PBXFrameworksBuildPhase section */

/* Begin PBXGroup section */
		8851EF8819DEEB5E00485350 = {
			isa = PBXGroup;
			children = (
				8851EF9319DEEB5E00485350 /* AlertMe */,
				8851EFAD19DEEB5E00485350 /* AlertMeTests */,
				8851EF9219DEEB5E00485350 /* Products */,
			);
			sourceTree = "<group>";
		};
		8851EF9219DEEB5E00485350 /* Products */ = {
			isa = PBXGroup;
			children = (
				8851EF9119DEEB5E00485350 /* AlertMe.app */,
				8851EFAA19DEEB5E00485350 /* AlertMeTests.xctest */,
			);
			name = Products;
			sourceTree = "<group>";
		};
		8851EF9319DEEB5E00485350 /* AlertMe */ = {
			isa = PBXGroup;
			children = (
				8851EF9819DEEB5E00485350 /* AppDelegate.h */,
				8851EF9919DEEB5E00485350 /* AppDelegate.m */,
				8851EF9B19DEEB5E00485350 /* ViewController.h */,
				8851EF9C19DEEB5E00485350 /* ViewController.m */,
				8851EF9E19DEEB5E00485350 /* Main.storyboard */,
				8851EFA119DEEB5E00485350 /* Images.xcassets */,
				8851EFA319DEEB5E00485350 /* LaunchScreen.xib */,
				8851EF9419DEEB5E00485350 /* Supporting Files */,
			);
			path = AlertMe;
			sourceTree = "<group>";
		};
		8851EF9419DEEB5E00485350 /* Supporting Files */ = {
			isa = PBXGroup;
			children = (
				8851EF9519DEEB5E00485350 /* Info.plist */,
				8851EF9619DEEB5E00485350 /* main.m */,
			);
			name = "Supporting Files";
			sourceTree = "<group>";
		};
		8851EFAD19DEEB5E00485350 /* AlertMeTests */ = {
			isa = PBXGroup;
			children = (
				8851EFB019DEEB5E00485350 /* AlertMeTests.m */,
				8851EFAE19DEEB5E00485350 /* Supporting Files */,
			);
			path = AlertMeTests;
			sourceTree = "<group>";
		};
		8851EFAE19DEEB5E00485350 /* Supporting Files */ = {
			isa = PBXGroup;
			children = (
				8851EFAF19DEEB5E00485350 /* Info.plist */,
			);
			name = "Supporting Files";
			sourceTree = "<group>";
		};
/* End PBXGroup section */

/* Begin PBXNativeTarget section */
		8851EF9019DEEB5E00485350 /* AlertMe */ = {
			isa = PBXNativeTarget;
			buildConfigurationList = 8851EFB419DEEB5E00485350 /* Build configuration list for PBXNativeTarget "AlertMe" */;
			buildPhases = (
				8851EF8D19DEEB5E00485350 /* Sources */,
				8851EF8E19DEEB5E00485350 /* Frameworks */,
				8851EF8F19DEEB5E00485350 /* Resources */,
			);
			buildRules = (
			);
			dependencies = (
			);
			name = AlertMe;
			productName = AlertMe;
			productReference = 8851EF9119DEEB5E00485350 /* AlertMe.app */;
			productType = "com.apple.product-type.application";
		};
		8851EFA919DEEB5E00485350 /* AlertMeTests */ = {
			isa = PBXNativeTarget;
			buildConfigurationList = 8851EFB719DEEB5E00485350 /* Build configuration list for PBXNativeTarget "AlertMeTests" */;
			buildPhases = (
				8851EFA619DEEB5E00485350 /* Sources */,
				8851EFA719DEEB5E00485350 /* Frameworks */,
				8851EFA819DEEB5E00485350 /* Resources */,
			);
			buildRules = (
			);
			dependencies = (
				8851EFAC19DEEB5E00485350 /* PBXTargetDependency */,
			);
			name = AlertMeTests;
			productName = AlertMeTests;
			productReference = 8851EFAA19DEEB5E00485350 /* AlertMeTests.xctest */;
			productType = "com.apple.product-type.bundle.unit-test";
		};
/* End PBXNativeTarget section */

/* Begin PBXProject section */
		8851EF8919DEEB5E00485350 /* Project object */ = {
			isa = PBXProject;
			attributes = {
				LastUpgradeCheck = 0600;
				ORGANIZATIONNAME = "Eude K Lesperance";
				TargetAttributes = {
					8851EF9019DEEB5E00485350 = {
						CreatedOnToolsVersion = 6.0.1;
					};
					8851EFA919DEEB5E00485350 = {
						CreatedOnToolsVersion = 6.0.1;
						TestTargetID = 8851EF9019DEEB5E00485350;
					};
				};
			};
			buildConfigurationList = 8851EF8C19DEEB5E00485350 /* Build configuration list for PBXProject "AlertMe" */;
			compatibilityVersion = "Xcode 3.2";
			developmentRegion = English;
			hasScannedForEncodings = 0;
			knownRegions = (
				en,
				Base,
			);
			mainGroup = 8851EF8819DEEB5E00485350;
			productRefGroup = 8851EF9219DEEB5E00485350 /* Products */;
			projectDirPath = "";
			projectRoot = "";
			targets = (
				8851EF9019DEEB5E00485350 /* AlertMe */,
				8851EFA919DEEB5E00485350 /* AlertMeTests */,
			);
		};
/* End PBXProject section */

/* Begin PBXResourcesBuildPhase section */
		8851EF8F19DEEB5E00485350 /* Resources */ = {
			isa = PBXResourcesBuildPhase;
			buildActionMask = 2147483647;
			files = (
				8851EFA019DEEB5E00485350 /* Main.storyboard in Resources */,
				8851EFA519DEEB5E00485350 /* LaunchScreen.xib in Resources */,
				8851EFA219DEEB5E00485350 /* Images.xcassets in Resources */,
			);
			runOnlyForDeploymentPostprocessing = 0;
		};
		8851EFA819DEEB5E00485350 /* Resources */ = {
			isa = PBXResourcesBuildPhase;
			buildActionMask = 2147483647;
			files = (
			);
			runOnlyForDeploymentPostprocessing = 0;
		};
/* End PBXResourcesBuildPhase section */

/* Begin PBXSourcesBuildPhase section */
		8851EF8D19DEEB5E00485350 /* Sources */ = {
			isa = PBXSourcesBuildPhase;
			buildActionMask = 2147483647;
			files = (
				8851EF9D19DEEB5E00485350 /* ViewController.m in Sources */,
				8851EF9A19DEEB5E00485350 /* AppDelegate.m in Sources */,
				8851EF9719DEEB5E00485350 /* main.m in Sources */,
			);
			runOnlyForDeploymentPostprocessing = 0;
		};
		8851EFA619DEEB5E00485350 /* Sources */ = {
			isa = PBXSourcesBuildPhase;
			buildActionMask = 2147483647;
			files = (
				8851EFB119DEEB5E00485350 /* AlertMeTests.m in Sources */,
			);
			runOnlyForDeploymentPostprocessing = 0;
		};
/* End PBXSourcesBuildPhase section */

/* Begin PBXTargetDependency section */
		8851EFAC19DEEB5E00485350 /* PBXTargetDependency */ = {
			isa = PBXTargetDependency;
			target = 8851EF9019DEEB5E00485350 /* AlertMe */;
			targetProxy = 8851EFAB19DEEB5E00485350 /* PBXContainerItemProxy */;
		};
/* End PBXTargetDependency section */

/* Begin PBXVariantGroup section */
		8851EF9E19DEEB5E00485350 /* Main.storyboard */ = {
			isa = PBXVariantGroup;
			children = (
				8851EF9F19DEEB5E00485350 /* Base */,
			);
			name = Main.storyboard;
			sourceTree = "<group>";
		};
		8851EFA319DEEB5E00485350 /* LaunchScreen.xib */ = {
			isa = PBXVariantGroup;
			children = (
				8851EFA419DEEB5E00485350 /* Base */,
			);
			name = LaunchScreen.xib;
			sourceTree = "<group>";
		};
/* End PBXVariantGroup section */

/* Begin XCBuildConfiguration section */
		8851EFB219DEEB5E00485350 /* Debug */ = {
			isa = XCBuildConfiguration;
			buildSettings = {
				ALWAYS_SEARCH_USER_PATHS = NO;
				CLANG_CXX_LANGUAGE_STANDARD = "gnu++0x";
				CLANG_CXX_LIBRARY = "libc++";
				CLANG_ENABLE_MODULES = YES;
				CLANG_ENABLE_OBJC_ARC = YES;
				CLANG_WARN_BOOL_CONVERSION = YES;
				CLANG_WARN_CONSTANT_CONVERSION = YES;
				CLANG_WARN_DIRECT_OBJC_ISA_USAGE = YES_ERROR;
				CLANG_WARN_EMPTY_BODY = YES;
				CLANG_WARN_ENUM_CONVERSION = YES;
				CLANG_WARN_INT_CONVERSION = YES;
				CLANG_WARN_OBJC_ROOT_CLASS = YES_ERROR;
				CLANG_WARN_UNREACHABLE_CODE = YES;
				CLANG_WARN__DUPLICATE_METHOD_MATCH = YES;
				"CODE_SIGN_IDENTITY[sdk=iphoneos*]" = "iPhone Developer";
				COPY_PHASE_STRIP = NO;
				ENABLE_STRICT_OBJC_MSGSEND = YES;
				GCC_C_LANGUAGE_STANDARD = gnu99;
				GCC_DYNAMIC_NO_PIC = NO;
				GCC_OPTIMIZATION_LEVEL = 0;
				GCC_PREPROCESSOR_DEFINITIONS = (
					"DEBUG=1",
					"$(inherited)",
				);
				GCC_SYMBOLS_PRIVATE_EXTERN = NO;
				GCC_WARN_64_TO_32_BIT_CONVERSION = YES;
				GCC_WARN_ABOUT_RETURN_TYPE = YES_ERROR;
				GCC_WARN_UNDECLARED_SELECTOR = YES;
				GCC_WARN_UNINITIALIZED_AUTOS = YES_AGGRESSIVE;
				GCC_WARN_UNUSED_FUNCTION = YES;
				GCC_WARN_UNUSED_VARIABLE = YES;
				IPHONEOS_DEPLOYMENT_TARGET = 8.0;
				MTL_ENABLE_DEBUG_INFO = YES;
				ONLY_ACTIVE_ARCH = YES;
				SDKROOT = iphoneos;
			};
			name = Debug;
		};
		8851EFB319DEEB5E00485350 /* Release */ = {
			isa = XCBuildConfiguration;
			buildSettings = {
				ALWAYS_SEARCH_USER_PATHS = NO;
				CLANG_CXX_LANGUAGE_STANDARD = "gnu++0x";
				CLANG_CXX_LIBRARY = "libc++";
				CLANG_ENABLE_MODULES = YES;
				CLANG_ENABLE_OBJC_ARC = YES;
				CLANG_WARN_BOOL_CONVERSION = YES;
				CLANG_WARN_CONSTANT_CONVERSION = YES;
				CLANG_WARN_DIRECT_OBJC_ISA_USAGE = YES_ERROR;
				CLANG_WARN_EMPTY_BODY = YES;
				CLANG_WARN_ENUM_CONVERSION = YES;
				CLANG_WARN_INT_CONVERSION = YES;
				CLANG_WARN_OBJC_ROOT_CLASS = YES_ERROR;
				CLANG_WARN_UNREACHABLE_CODE = YES;
				CLANG_WARN__DUPLICATE_METHOD_MATCH = YES;
				"CODE_SIGN_IDENTITY[sdk=iphoneos*]" = "iPhone Developer";
				COPY_PHASE_STRIP = YES;
				ENABLE_NS_ASSERTIONS = NO;
				ENABLE_STRICT_OBJC_MSGSEND = YES;
				GCC_C_LANGUAGE_STANDARD = gnu99;
				GCC_WARN_64_TO_32_BIT_CONVERSION = YES;
				GCC_WARN_ABOUT_RETURN_TYPE = YES_ERROR;
				GCC_WARN_UNDECLARED_SELECTOR = YES;
				GCC_WARN_UNINITIALIZED_AUTOS = YES_AGGRESSIVE;
				GCC_WARN_UNUSED_FUNCTION = YES;
				GCC_WARN_UNUSED_VARIABLE = YES;
				IPHONEOS_DEPLOYMENT_TARGET = 8.0;
				MTL_ENABLE_DEBUG_INFO = NO;
				SDKROOT = iphoneos;
				VALIDATE_PRODUCT = YES;
			};
			name = Release;
		};
		8851EFB519DEEB5E00485350 /* Debug */ = {
			isa = XCBuildConfiguration;
			buildSettings = {
				ASSETCATALOG_COMPILER_APPICON_NAME = AppIcon;
				INFOPLIST_FILE = AlertMe/Info.plist;
				LD_RUNPATH_SEARCH_PATHS = "$(inherited) @executable_path/Frameworks";
				PRODUCT_NAME = "$(TARGET_NAME)";
			};
			name = Debug;
		};
		8851EFB619DEEB5E00485350 /* Release */ = {
			isa = XCBuildConfiguration;
			buildSettings = {
				ASSETCATALOG_COMPILER_APPICON_NAME = AppIcon;
				INFOPLIST_FILE = AlertMe/Info.plist;
				LD_RUNPATH_SEARCH_PATHS = "$(inherited) @executable_path/Frameworks";
				PRODUCT_NAME = "$(TARGET_NAME)";
			};
			name = Release;
		};
		8851EFB819DEEB5E00485350 /* Debug */ = {
			isa = XCBuildConfiguration;
			buildSettings = {
				BUNDLE_LOADER = "$(TEST_HOST)";
				FRAMEWORK_SEARCH_PATHS = (
					"$(SDKROOT)/Developer/Library/Frameworks",
					"$(inherited)",
				);
				GCC_PREPROCESSOR_DEFINITIONS = (
					"DEBUG=1",
					"$(inherited)",
				);
				INFOPLIST_FILE = AlertMeTests/Info.plist;
				LD_RUNPATH_SEARCH_PATHS = "$(inherited) @executable_path/Frameworks @loader_path/Frameworks";
				PRODUCT_NAME = "$(TARGET_NAME)";
				TEST_HOST = "$(BUILT_PRODUCTS_DIR)/AlertMe.app/AlertMe";
			};
			name = Debug;
		};
		8851EFB919DEEB5E00485350 /* Release */ = {
			isa = XCBuildConfiguration;
			buildSettings = {
				BUNDLE_LOADER = "$(TEST_HOST)";
				FRAMEWORK_SEARCH_PATHS = (
					"$(SDKROOT)/Developer/Library/Frameworks",
					"$(inherited)",
				);
				INFOPLIST_FILE = AlertMeTests/Info.plist;
				LD_RUNPATH_SEARCH_PATHS = "$(inherited) @executable_path/Frameworks @loader_path/Frameworks";
				PRODUCT_NAME = "$(TARGET_NAME)";
				TEST_HOST = "$(BUILT_PRODUCTS_DIR)/AlertMe.app/AlertMe";
			};
			name = Release;
		};
/* End XCBuildConfiguration section */

/* Begin XCConfigurationList section */
		8851EF8C19DEEB5E00485350 /* Build configuration list for PBXProject "AlertMe" */ = {
			isa = XCConfigurationList;
			buildConfigurations = (
				8851EFB219DEEB5E00485350 /* Debug */,
				8851EFB319DEEB5E00485350 /* Release */,
			);
			defaultConfigurationIsVisible = 0;
			defaultConfigurationName = Release;
		};
		8851EFB419DEEB5E00485350 /* Build configuration list for PBXNativeTarget "AlertMe" */ = {
			isa = XCConfigurationList;
			buildConfigurations = (
				8851EFB519DEEB5E00485350 /* Debug */,
				8851EFB619DEEB5E00485350 /* Release */,
			);
			defaultConfigurationIsVisible = 0;
		};
		8851EFB719DEEB5E00485350 /* Build configuration list for PBXNativeTarget "AlertMeTests" */ = {
			isa = XCConfigurationList;
			buildConfigurations = (
				8851EFB819DEEB5E00485350 /* Debug */,
				8851EFB919DEEB5E00485350 /* Release */,
			);
			defaultConfigurationIsVisible = 0;
		};
/* End XCConfigurationList section */
	};
	rootObject = 8851EF8919DEEB5E00485350 /* Project object */;
}
