// !$*UTF8*$!
{
	archiveVersion = 1;
	classes = {
	};
	objectVersion = 46;
	objects = {

/* Begin PBXBuildFile section */
		883324F41CD1DFF20050AFBE /* AppDelegate.swift in Sources */ = {isa = PBXBuildFile; fileRef = 883324F31CD1DFF20050AFBE /* AppDelegate.swift */; };
		883324F61CD1DFF20050AFBE /* ViewController.swift in Sources */ = {isa = PBXBuildFile; fileRef = 883324F51CD1DFF20050AFBE /* ViewController.swift */; };
		883324F91CD1DFF20050AFBE /* Main.storyboard in Resources */ = {isa = PBXBuildFile; fileRef = 883324F71CD1DFF20050AFBE /* Main.storyboard */; };
		883324FB1CD1DFF20050AFBE /* Assets.xcassets in Resources */ = {isa = PBXBuildFile; fileRef = 883324FA1CD1DFF20050AFBE /* Assets.xcassets */; };
		883324FE1CD1DFF20050AFBE /* LaunchScreen.storyboard in Resources */ = {isa = PBXBuildFile; fileRef = 883324FC1CD1DFF20050AFBE /* LaunchScreen.storyboard */; };
/* End PBXBuildFile section */

/* Begin PBXFileReference section */
		883324F01CD1DFF20050AFBE /* Calculator.app */ = {isa = PBXFileReference; explicitFileType = wrapper.application; includeInIndex = 0; path = Calculator.app; sourceTree = BUILT_PRODUCTS_DIR; };
		883324F31CD1DFF20050AFBE /* AppDelegate.swift */ = {isa = PBXFileReference; lastKnownFileType = sourcecode.swift; path = AppDelegate.swift; sourceTree = "<group>"; };
		883324F51CD1DFF20050AFBE /* ViewController.swift */ = {isa = PBXFileReference; lastKnownFileType = sourcecode.swift; path = ViewController.swift; sourceTree = "<group>"; };
		883324F81CD1DFF20050AFBE /* Base */ = {isa = PBXFileReference; lastKnownFileType = file.storyboard; name = Base; path = Base.lproj/Main.storyboard; sourceTree = "<group>"; };
		883324FA1CD1DFF20050AFBE /* Assets.xcassets */ = {isa = PBXFileReference; lastKnownFileType = folder.assetcatalog; path = Assets.xcassets; sourceTree = "<group>"; };
		883324FD1CD1DFF20050AFBE /* Base */ = {isa = PBXFileReference; lastKnownFileType = file.storyboard; name = Base; path = Base.lproj/LaunchScreen.storyboard; sourceTree = "<group>"; };
		883324FF1CD1DFF20050AFBE /* Info.plist */ = {isa = PBXFileReference; lastKnownFileType = text.plist.xml; path = Info.plist; sourceTree = "<group>"; };
/* End PBXFileReference section */

/* Begin PBXFrameworksBuildPhase section */
		883324ED1CD1DFF20050AFBE /* Frameworks */ = {
			isa = PBXFrameworksBuildPhase;
			buildActionMask = 2147483647;
			files = (
			);
			runOnlyForDeploymentPostprocessing = 0;
		};
/* End PBXFrameworksBuildPhase section */

/* Begin PBXGroup section */
		883324E71CD1DFF20050AFBE = {
			isa = PBXGroup;
			children = (
				883324F21CD1DFF20050AFBE /* Calculator */,
				883324F11CD1DFF20050AFBE /* Products */,
			);
			sourceTree = "<group>";
		};
		883324F11CD1DFF20050AFBE /* Products */ = {
			isa = PBXGroup;
			children = (
				883324F01CD1DFF20050AFBE /* Calculator.app */,
			);
			name = Products;
			sourceTree = "<group>";
		};
		883324F21CD1DFF20050AFBE /* Calculator */ = {
			isa = PBXGroup;
			children = (
				883324F31CD1DFF20050AFBE /* AppDelegate.swift */,
				883324F51CD1DFF20050AFBE /* ViewController.swift */,
				883324F71CD1DFF20050AFBE /* Main.storyboard */,
				883324FA1CD1DFF20050AFBE /* Assets.xcassets */,
				883324FC1CD1DFF20050AFBE /* LaunchScreen.storyboard */,
				883324FF1CD1DFF20050AFBE /* Info.plist */,
			);
			path = Calculator;
			sourceTree = "<group>";
		};
/* End PBXGroup section */

/* Begin PBXNativeTarget section */
		883324EF1CD1DFF20050AFBE /* Calculator */ = {
			isa = PBXNativeTarget;
			buildConfigurationList = 883325021CD1DFF20050AFBE /* Build configuration list for PBXNativeTarget "Calculator" */;
			buildPhases = (
				883324EC1CD1DFF20050AFBE /* Sources */,
				883324ED1CD1DFF20050AFBE /* Frameworks */,
				883324EE1CD1DFF20050AFBE /* Resources */,
			);
			buildRules = (
			);
			dependencies = (
			);
			name = Calculator;
			productName = Calculator;
			productReference = 883324F01CD1DFF20050AFBE /* Calculator.app */;
			productType = "com.apple.product-type.application";
		};
/* End PBXNativeTarget section */

/* Begin PBXProject section */
		883324E81CD1DFF20050AFBE /* Project object */ = {
			isa = PBXProject;
			attributes = {
				LastSwiftUpdateCheck = 0730;
				LastUpgradeCheck = 0730;
				ORGANIZATIONNAME = Qlovur;
				TargetAttributes = {
					883324EF1CD1DFF20050AFBE = {
						CreatedOnToolsVersion = 7.3;
						DevelopmentTeam = 98ELRV8VW9;
					};
				};
			};
			buildConfigurationList = 883324EB1CD1DFF20050AFBE /* Build configuration list for PBXProject "Calculator" */;
			compatibilityVersion = "Xcode 3.2";
			developmentRegion = English;
			hasScannedForEncodings = 0;
			knownRegions = (
				en,
				Base,
			);
			mainGroup = 883324E71CD1DFF20050AFBE;
			productRefGroup = 883324F11CD1DFF20050AFBE /* Products */;
			projectDirPath = "";
			projectRoot = "";
			targets = (
				883324EF1CD1DFF20050AFBE /* Calculator */,
			);
		};
/* End PBXProject section */

/* Begin PBXResourcesBuildPhase section */
		883324EE1CD1DFF20050AFBE /* Resources */ = {
			isa = PBXResourcesBuildPhase;
			buildActionMask = 2147483647;
			files = (
				883324FE1CD1DFF20050AFBE /* LaunchScreen.storyboard in Resources */,
				883324FB1CD1DFF20050AFBE /* Assets.xcassets in Resources */,
				883324F91CD1DFF20050AFBE /* Main.storyboard in Resources */,
			);
			runOnlyForDeploymentPostprocessing = 0;
		};
/* End PBXResourcesBuildPhase section */

/* Begin PBXSourcesBuildPhase section */
		883324EC1CD1DFF20050AFBE /* Sources */ = {
			isa = PBXSourcesBuildPhase;
			buildActionMask = 2147483647;
			files = (
				883324F61CD1DFF20050AFBE /* ViewController.swift in Sources */,
				883324F41CD1DFF20050AFBE /* AppDelegate.swift in Sources */,
			);
			runOnlyForDeploymentPostprocessing = 0;
		};
/* End PBXSourcesBuildPhase section */

/* Begin PBXVariantGroup section */
		883324F71CD1DFF20050AFBE /* Main.storyboard */ = {
			isa = PBXVariantGroup;
			children = (
				883324F81CD1DFF20050AFBE /* Base */,
			);
			name = Main.storyboard;
			sourceTree = "<group>";
		};
		883324FC1CD1DFF20050AFBE /* LaunchScreen.storyboard */ = {
			isa = PBXVariantGroup;
			children = (
				883324FD1CD1DFF20050AFBE /* Base */,
			);
			name = LaunchScreen.storyboard;
			sourceTree = "<group>";
		};
/* End PBXVariantGroup section */

/* Begin XCBuildConfiguration section */
		883325001CD1DFF20050AFBE /* Debug */ = {
			isa = XCBuildConfiguration;
			buildSettings = {
				ALWAYS_SEARCH_USER_PATHS = NO;
				CLANG_ANALYZER_NONNULL = YES;
				CLANG_CXX_LANGUAGE_STANDARD = "gnu++0x";
				CLANG_CXX_LIBRARY = "libc++";
				CLANG_ENABLE_MODULES = YES;
				CLANG_ENABLE_OBJC_ARC = YES;
				CLANG_WARN_BOOL_CONVERSION = YES;
				CLANG_WARN_CONSTANT_CONVERSION = YES;
				CLANG_WARN_DIRECT_OBJC_ISA_USAGE = YES_ERROR;
				CLANG_WARN_EMPTY_BODY = YES;
				CLANG_WARN_ENUM_CONVERSION = YES;
				CLANG_WARN_INT_CONVERSION = YES;
				CLANG_WARN_OBJC_ROOT_CLASS = YES_ERROR;
				CLANG_WARN_UNREACHABLE_CODE = YES;
				CLANG_WARN__DUPLICATE_METHOD_MATCH = YES;
				"CODE_SIGN_IDENTITY[sdk=iphoneos*]" = "iPhone Developer";
				COPY_PHASE_STRIP = NO;
				DEBUG_INFORMATION_FORMAT = dwarf;
				ENABLE_STRICT_OBJC_MSGSEND = YES;
				ENABLE_TESTABILITY = YES;
				GCC_C_LANGUAGE_STANDARD = gnu99;
				GCC_DYNAMIC_NO_PIC = NO;
				GCC_NO_COMMON_BLOCKS = YES;
				GCC_OPTIMIZATION_LEVEL = 0;
				GCC_PREPROCESSOR_DEFINITIONS = (
					"DEBUG=1",
					"$(inherited)",
				);
				GCC_WARN_64_TO_32_BIT_CONVERSION = YES;
				GCC_WARN_ABOUT_RETURN_TYPE = YES_ERROR;
				GCC_WARN_UNDECLARED_SELECTOR = YES;
				GCC_WARN_UNINITIALIZED_AUTOS = YES_AGGRESSIVE;
				GCC_WARN_UNUSED_FUNCTION = YES;
				GCC_WARN_UNUSED_VARIABLE = YES;
				IPHONEOS_DEPLOYMENT_TARGET = 9.3;
				MTL_ENABLE_DEBUG_INFO = YES;
				ONLY_ACTIVE_ARCH = YES;
				SDKROOT = iphoneos;
				SWIFT_OPTIMIZATION_LEVEL = "-Onone";
			};
			name = Debug;
		};
		883325011CD1DFF20050AFBE /* Release */ = {
			isa = XCBuildConfiguration;
			buildSettings = {
				ALWAYS_SEARCH_USER_PATHS = NO;
				CLANG_ANALYZER_NONNULL = YES;
				CLANG_CXX_LANGUAGE_STANDARD = "gnu++0x";
				CLANG_CXX_LIBRARY = "libc++";
				CLANG_ENABLE_MODULES = YES;
				CLANG_ENABLE_OBJC_ARC = YES;
				CLANG_WARN_BOOL_CONVERSION = YES;
				CLANG_WARN_CONSTANT_CONVERSION = YES;
				CLANG_WARN_DIRECT_OBJC_ISA_USAGE = YES_ERROR;
				CLANG_WARN_EMPTY_BODY = YES;
				CLANG_WARN_ENUM_CONVERSION = YES;
				CLANG_WARN_INT_CONVERSION = YES;
				CLANG_WARN_OBJC_ROOT_CLASS = YES_ERROR;
				CLANG_WARN_UNREACHABLE_CODE = YES;
				CLANG_WARN__DUPLICATE_METHOD_MATCH = YES;
				"CODE_SIGN_IDENTITY[sdk=iphoneos*]" = "iPhone Developer";
				COPY_PHASE_STRIP = NO;
				DEBUG_INFORMATION_FORMAT = "dwarf-with-dsym";
				ENABLE_NS_ASSERTIONS = NO;
				ENABLE_STRICT_OBJC_MSGSEND = YES;
				GCC_C_LANGUAGE_STANDARD = gnu99;
				GCC_NO_COMMON_BLOCKS = YES;
				GCC_WARN_64_TO_32_BIT_CONVERSION = YES;
				GCC_WARN_ABOUT_RETURN_TYPE = YES_ERROR;
				GCC_WARN_UNDECLARED_SELECTOR = YES;
				GCC_WARN_UNINITIALIZED_AUTOS = YES_AGGRESSIVE;
				GCC_WARN_UNUSED_FUNCTION = YES;
				GCC_WARN_UNUSED_VARIABLE = YES;
				IPHONEOS_DEPLOYMENT_TARGET = 9.3;
				MTL_ENABLE_DEBUG_INFO = NO;
				SDKROOT = iphoneos;
				VALIDATE_PRODUCT = YES;
			};
			name = Release;
		};
		883325031CD1DFF20050AFBE /* Debug */ = {
			isa = XCBuildConfiguration;
			buildSettings = {
				ASSETCATALOG_COMPILER_APPICON_NAME = AppIcon;
				INFOPLIST_FILE = Calculator/Info.plist;
				LD_RUNPATH_SEARCH_PATHS = "$(inherited) @executable_path/Frameworks";
				PRODUCT_BUNDLE_IDENTIFIER = com.qlovur.Calculator;
				PRODUCT_NAME = "$(TARGET_NAME)";
			};
			name = Debug;
		};
		883325041CD1DFF20050AFBE /* Release */ = {
			isa = XCBuildConfiguration;
			buildSettings = {
				ASSETCATALOG_COMPILER_APPICON_NAME = AppIcon;
				INFOPLIST_FILE = Calculator/Info.plist;
				LD_RUNPATH_SEARCH_PATHS = "$(inherited) @executable_path/Frameworks";
				PRODUCT_BUNDLE_IDENTIFIER = com.qlovur.Calculator;
				PRODUCT_NAME = "$(TARGET_NAME)";
			};
			name = Release;
		};
/* End XCBuildConfiguration section */

/* Begin XCConfigurationList section */
		883324EB1CD1DFF20050AFBE /* Build configuration list for PBXProject "Calculator" */ = {
			isa = XCConfigurationList;
			buildConfigurations = (
				883325001CD1DFF20050AFBE /* Debug */,
				883325011CD1DFF20050AFBE /* Release */,
			);
			defaultConfigurationIsVisible = 0;
			defaultConfigurationName = Release;
		};
		883325021CD1DFF20050AFBE /* Build configuration list for PBXNativeTarget "Calculator" */ = {
			isa = XCConfigurationList;
			buildConfigurations = (
				883325031CD1DFF20050AFBE /* Debug */,
				883325041CD1DFF20050AFBE /* Release */,
			);
			defaultConfigurationIsVisible = 0;
		};
/* End XCConfigurationList section */
	};
	rootObject = 883324E81CD1DFF20050AFBE /* Project object */;
}
